
Microsoft Visual Studio Solution File, Format Version 12.00
# Visual Studio Version 16
VisualStudioVersion = 16.0.31105.61
MinimumVisualStudioVersion = 10.0.40219.1
Project("{FAE04EC0-301F-11D3-BF4B-00C04F79EFBC}") = "SPTask2", "SPTask2\SPTask2.csproj", "{D94DAE36-E242-4FA6-BD82-EAA4E4D625A1}"
EndProject
Global
	GlobalSection(SolutionConfigurationPlatforms) = preSolution
		Debug|Any CPU = Debug|Any CPU
		Release|Any CPU = Release|Any CPU
	EndGlobalSection
	GlobalSection(ProjectConfigurationPlatforms) = postSolution
		{D94DAE36-E242-4FA6-BD82-EAA4E4D625A1}.Debug|Any CPU.ActiveCfg = Debug|Any CPU
		{D94DAE36-E242-4FA6-BD82-EAA4E4D625A1}.Debug|Any CPU.Build.0 = Debug|Any CPU
		{D94DAE36-E242-4FA6-BD82-EAA4E4D625A1}.Release|Any CPU.ActiveCfg = Release|Any CPU
		{D94DAE36-E242-4FA6-BD82-EAA4E4D625A1}.Release|Any CPU.Build.0 = Release|Any CPU
	EndGlobalSection
	GlobalSection(SolutionProperties) = preSolution
		HideSolutionNode = FALSE
	EndGlobalSection
	GlobalSection(ExtensibilityGlobals) = postSolution
		SolutionGuid = {79D7F25D-43CB-4701-90F4-7AB22F1EDE4F}
	EndGlobalSection
EndGlobal
